
Microsoft Visual Studio Solution File, Format Version 12.00
# Visual Studio Version 16
VisualStudioVersion = 16.0.30225.117
MinimumVisualStudioVersion = 10.0.40219.1
Project("{FAE04EC0-301F-11D3-BF4B-00C04F79EFBC}") = "DoublyLinkedList", "DoublyLinkedList\DoublyLinkedList.csproj", "{C94C7813-5752-495C-8539-94C2498587A5}"
EndProject
Global
	GlobalSection(SolutionConfigurationPlatforms) = preSolution
		Debug|Any CPU = Debug|Any CPU
		Release|Any CPU = Release|Any CPU
	EndGlobalSection
	GlobalSection(ProjectConfigurationPlatforms) = postSolution
		{C94C7813-5752-495C-8539-94C2498587A5}.Debug|Any CPU.ActiveCfg = Debug|Any CPU
		{C94C7813-5752-495C-8539-94C2498587A5}.Debug|Any CPU.Build.0 = Debug|Any CPU
		{C94C7813-5752-495C-8539-94C2498587A5}.Release|Any CPU.ActiveCfg = Release|Any CPU
		{C94C7813-5752-495C-8539-94C2498587A5}.Release|Any CPU.Build.0 = Release|Any CPU
	EndGlobalSection
	GlobalSection(SolutionProperties) = preSolution
		HideSolutionNode = FALSE
	EndGlobalSection
	GlobalSection(ExtensibilityGlobals) = postSolution
		SolutionGuid = {3C727D52-0E81-4F59-9306-B203C00F9BF1}
	EndGlobalSection
EndGlobal
